
Microsoft Visual Studio Solution File, Format Version 12.00
# Visual Studio Version 16
VisualStudioVersion = 16.0.30717.126
MinimumVisualStudioVersion = 10.0.40219.1
Project("{FAE04EC0-301F-11D3-BF4B-00C04F79EFBC}") = "generic-repository.Api", "generic-repository.Api\generic-repository.Api.csproj", "{6BCF552A-B83E-4239-BF9A-9ADE2407D135}"
EndProject
Project("{FAE04EC0-301F-11D3-BF4B-00C04F79EFBC}") = "generic-repository.Business", "generic-repository.Business\generic-repository.Business.csproj", "{2BB9E6D2-7566-40CA-A272-07593086B559}"
EndProject
Project("{FAE04EC0-301F-11D3-BF4B-00C04F79EFBC}") = "generic-repository.Core", "generic-repository.Core\generic-repository.Core.csproj", "{62BFAD38-D3AE-42EA-AFE4-08DF03B4507A}"
EndProject
Project("{FAE04EC0-301F-11D3-BF4B-00C04F79EFBC}") = "generic-repository.Data", "generic-repository.Data\generic-repository.Data.csproj", "{7A924AE2-CD3B-486C-85C2-58993A910CDD}"
EndProject
Project("{FAE04EC0-301F-11D3-BF4B-00C04F79EFBC}") = "generic-repository.Entity", "generic-repository.Entity\generic-repository.Entity.csproj", "{11FDEA2F-A476-4322-BD80-0119DDAF9F50}"
EndProject
Global
	GlobalSection(SolutionConfigurationPlatforms) = preSolution
		Debug|Any CPU = Debug|Any CPU
		Release|Any CPU = Release|Any CPU
	EndGlobalSection
	GlobalSection(ProjectConfigurationPlatforms) = postSolution
		{6BCF552A-B83E-4239-BF9A-9ADE2407D135}.Debug|Any CPU.ActiveCfg = Debug|Any CPU
		{6BCF552A-B83E-4239-BF9A-9ADE2407D135}.Debug|Any CPU.Build.0 = Debug|Any CPU
		{6BCF552A-B83E-4239-BF9A-9ADE2407D135}.Release|Any CPU.ActiveCfg = Release|Any CPU
		{6BCF552A-B83E-4239-BF9A-9ADE2407D135}.Release|Any CPU.Build.0 = Release|Any CPU
		{2BB9E6D2-7566-40CA-A272-07593086B559}.Debug|Any CPU.ActiveCfg = Debug|Any CPU
		{2BB9E6D2-7566-40CA-A272-07593086B559}.Debug|Any CPU.Build.0 = Debug|Any CPU
		{2BB9E6D2-7566-40CA-A272-07593086B559}.Release|Any CPU.ActiveCfg = Release|Any CPU
		{2BB9E6D2-7566-40CA-A272-07593086B559}.Release|Any CPU.Build.0 = Release|Any CPU
		{62BFAD38-D3AE-42EA-AFE4-08DF03B4507A}.Debug|Any CPU.ActiveCfg = Debug|Any CPU
		{62BFAD38-D3AE-42EA-AFE4-08DF03B4507A}.Debug|Any CPU.Build.0 = Debug|Any CPU
		{62BFAD38-D3AE-42EA-AFE4-08DF03B4507A}.Release|Any CPU.ActiveCfg = Release|Any CPU
		{62BFAD38-D3AE-42EA-AFE4-08DF03B4507A}.Release|Any CPU.Build.0 = Release|Any CPU
		{7A924AE2-CD3B-486C-85C2-58993A910CDD}.Debug|Any CPU.ActiveCfg = Debug|Any CPU
		{7A924AE2-CD3B-486C-85C2-58993A910CDD}.Debug|Any CPU.Build.0 = Debug|Any CPU
		{7A924AE2-CD3B-486C-85C2-58993A910CDD}.Release|Any CPU.ActiveCfg = Release|Any CPU
		{7A924AE2-CD3B-486C-85C2-58993A910CDD}.Release|Any CPU.Build.0 = Release|Any CPU
		{11FDEA2F-A476-4322-BD80-0119DDAF9F50}.Debug|Any CPU.ActiveCfg = Debug|Any CPU
		{11FDEA2F-A476-4322-BD80-0119DDAF9F50}.Debug|Any CPU.Build.0 = Debug|Any CPU
		{11FDEA2F-A476-4322-BD80-0119DDAF9F50}.Release|Any CPU.ActiveCfg = Release|Any CPU
		{11FDEA2F-A476-4322-BD80-0119DDAF9F50}.Release|Any CPU.Build.0 = Release|Any CPU
	EndGlobalSection
	GlobalSection(SolutionProperties) = preSolution
		HideSolutionNode = FALSE
	EndGlobalSection
	GlobalSection(ExtensibilityGlobals) = postSolution
		SolutionGuid = {3340D3A2-BC6D-427D-AE88-955213063D5A}
	EndGlobalSection
EndGlobal
